// !$*UTF8*$!
{
	archiveVersion = 1;
	classes = {
	};
	objectVersion = 56;
	objects = {

/* Begin PBXBuildFile section */
		011BA7B229E4455E00426C22 /* AppDelegate.swift in Sources */ = {isa = PBXBuildFile; fileRef = 011BA7B129E4455E00426C22 /* AppDelegate.swift */; };
		011BA7B429E4455E00426C22 /* SceneDelegate.swift in Sources */ = {isa = PBXBuildFile; fileRef = 011BA7B329E4455E00426C22 /* SceneDelegate.swift */; };
		011BA7B629E4455E00426C22 /* ViewController.swift in Sources */ = {isa = PBXBuildFile; fileRef = 011BA7B529E4455E00426C22 /* ViewController.swift */; };
		011BA7BB29E4455F00426C22 /* Assets.xcassets in Resources */ = {isa = PBXBuildFile; fileRef = 011BA7BA29E4455F00426C22 /* Assets.xcassets */; };
		011BA7BE29E4455F00426C22 /* LaunchScreen.storyboard in Resources */ = {isa = PBXBuildFile; fileRef = 011BA7BC29E4455F00426C22 /* LaunchScreen.storyboard */; };
		011BA7C829E4480000426C22 /* NetworkManager.swift in Sources */ = {isa = PBXBuildFile; fileRef = 011BA7C729E4480000426C22 /* NetworkManager.swift */; };
		011BA7CA29E4484A00426C22 /* Endpoint.swift in Sources */ = {isa = PBXBuildFile; fileRef = 011BA7C929E4484A00426C22 /* Endpoint.swift */; };
		011BA7CD29E44C7300426C22 /* User.swift in Sources */ = {isa = PBXBuildFile; fileRef = 011BA7CC29E44C7300426C22 /* User.swift */; };
		011BA7CF29E4525700426C22 /* Comment.swift in Sources */ = {isa = PBXBuildFile; fileRef = 011BA7CE29E4525700426C22 /* Comment.swift */; };
		0183469A29F99EB00047FECB /* Post.swift in Sources */ = {isa = PBXBuildFile; fileRef = 0183469929F99EB00047FECB /* Post.swift */; };
/* End PBXBuildFile section */

/* Begin PBXFileReference section */
		011BA7AE29E4455E00426C22 /* Generic Network Layer.app */ = {isa = PBXFileReference; explicitFileType = wrapper.application; includeInIndex = 0; path = "Generic Network Layer.app"; sourceTree = BUILT_PRODUCTS_DIR; };
		011BA7B129E4455E00426C22 /* AppDelegate.swift */ = {isa = PBXFileReference; lastKnownFileType = sourcecode.swift; path = AppDelegate.swift; sourceTree = "<group>"; };
		011BA7B329E4455E00426C22 /* SceneDelegate.swift */ = {isa = PBXFileReference; lastKnownFileType = sourcecode.swift; path = SceneDelegate.swift; sourceTree = "<group>"; };
		011BA7B529E4455E00426C22 /* ViewController.swift */ = {isa = PBXFileReference; lastKnownFileType = sourcecode.swift; path = ViewController.swift; sourceTree = "<group>"; };
		011BA7BA29E4455F00426C22 /* Assets.xcassets */ = {isa = PBXFileReference; lastKnownFileType = folder.assetcatalog; path = Assets.xcassets; sourceTree = "<group>"; };
		011BA7BD29E4455F00426C22 /* Base */ = {isa = PBXFileReference; lastKnownFileType = file.storyboard; name = Base; path = Base.lproj/LaunchScreen.storyboard; sourceTree = "<group>"; };
		011BA7BF29E4455F00426C22 /* Info.plist */ = {isa = PBXFileReference; lastKnownFileType = text.plist.xml; path = Info.plist; sourceTree = "<group>"; };
		011BA7C729E4480000426C22 /* NetworkManager.swift */ = {isa = PBXFileReference; lastKnownFileType = sourcecode.swift; path = NetworkManager.swift; sourceTree = "<group>"; };
		011BA7C929E4484A00426C22 /* Endpoint.swift */ = {isa = PBXFileReference; lastKnownFileType = sourcecode.swift; path = Endpoint.swift; sourceTree = "<group>"; };
		011BA7CC29E44C7300426C22 /* User.swift */ = {isa = PBXFileReference; lastKnownFileType = sourcecode.swift; path = User.swift; sourceTree = "<group>"; };
		011BA7CE29E4525700426C22 /* Comment.swift */ = {isa = PBXFileReference; lastKnownFileType = sourcecode.swift; path = Comment.swift; sourceTree = "<group>"; };
		0183469929F99EB00047FECB /* Post.swift */ = {isa = PBXFileReference; lastKnownFileType = sourcecode.swift; path = Post.swift; sourceTree = "<group>"; };
/* End PBXFileReference section */

/* Begin PBXFrameworksBuildPhase section */
		011BA7AB29E4455E00426C22 /* Frameworks */ = {
			isa = PBXFrameworksBuildPhase;
			buildActionMask = 2147483647;
			files = (
			);
			runOnlyForDeploymentPostprocessing = 0;
		};
/* End PBXFrameworksBuildPhase section */

/* Begin PBXGroup section */
		011BA7A529E4455E00426C22 = {
			isa = PBXGroup;
			children = (
				011BA7B029E4455E00426C22 /* Generic Network Layer */,
				011BA7AF29E4455E00426C22 /* Products */,
			);
			sourceTree = "<group>";
		};
		011BA7AF29E4455E00426C22 /* Products */ = {
			isa = PBXGroup;
			children = (
				011BA7AE29E4455E00426C22 /* Generic Network Layer.app */,
			);
			name = Products;
			sourceTree = "<group>";
		};
		011BA7B029E4455E00426C22 /* Generic Network Layer */ = {
			isa = PBXGroup;
			children = (
				011BA7C529E447C600426C22 /* SupportingFiles */,
				011BA7CB29E44C6E00426C22 /* Model */,
				011BA7C629E447E500426C22 /* Service */,
				011BA7D229E4574600426C22 /* View */,
				011BA7BF29E4455F00426C22 /* Info.plist */,
			);
			path = "Generic Network Layer";
			sourceTree = "<group>";
		};
		011BA7C529E447C600426C22 /* SupportingFiles */ = {
			isa = PBXGroup;
			children = (
				011BA7B129E4455E00426C22 /* AppDelegate.swift */,
				011BA7B329E4455E00426C22 /* SceneDelegate.swift */,
				011BA7BA29E4455F00426C22 /* Assets.xcassets */,
				011BA7BC29E4455F00426C22 /* LaunchScreen.storyboard */,
			);
			path = SupportingFiles;
			sourceTree = "<group>";
		};
		011BA7C629E447E500426C22 /* Service */ = {
			isa = PBXGroup;
			children = (
				011BA7C729E4480000426C22 /* NetworkManager.swift */,
				011BA7C929E4484A00426C22 /* Endpoint.swift */,
			);
			path = Service;
			sourceTree = "<group>";
		};
		011BA7CB29E44C6E00426C22 /* Model */ = {
			isa = PBXGroup;
			children = (
				011BA7CC29E44C7300426C22 /* User.swift */,
				011BA7CE29E4525700426C22 /* Comment.swift */,
				0183469929F99EB00047FECB /* Post.swift */,
			);
			path = Model;
			sourceTree = "<group>";
		};
		011BA7D229E4574600426C22 /* View */ = {
			isa = PBXGroup;
			children = (
				011BA7B529E4455E00426C22 /* ViewController.swift */,
			);
			path = View;
			sourceTree = "<group>";
		};
/* End PBXGroup section */

/* Begin PBXNativeTarget section */
		011BA7AD29E4455E00426C22 /* Generic Network Layer */ = {
			isa = PBXNativeTarget;
			buildConfigurationList = 011BA7C229E4455F00426C22 /* Build configuration list for PBXNativeTarget "Generic Network Layer" */;
			buildPhases = (
				011BA7AA29E4455E00426C22 /* Sources */,
				011BA7AB29E4455E00426C22 /* Frameworks */,
				011BA7AC29E4455E00426C22 /* Resources */,
			);
			buildRules = (
			);
			dependencies = (
			);
			name = "Generic Network Layer";
			productName = "Generic Network Layer";
			productReference = 011BA7AE29E4455E00426C22 /* Generic Network Layer.app */;
			productType = "com.apple.product-type.application";
		};
/* End PBXNativeTarget section */

/* Begin PBXProject section */
		011BA7A629E4455E00426C22 /* Project object */ = {
			isa = PBXProject;
			attributes = {
				BuildIndependentTargetsInParallel = 1;
				LastSwiftUpdateCheck = 1420;
				LastUpgradeCheck = 1420;
				TargetAttributes = {
					011BA7AD29E4455E00426C22 = {
						CreatedOnToolsVersion = 14.2;
					};
				};
			};
			buildConfigurationList = 011BA7A929E4455E00426C22 /* Build configuration list for PBXProject "Generic Network Layer" */;
			compatibilityVersion = "Xcode 14.0";
			developmentRegion = en;
			hasScannedForEncodings = 0;
			knownRegions = (
				en,
				Base,
			);
			mainGroup = 011BA7A529E4455E00426C22;
			productRefGroup = 011BA7AF29E4455E00426C22 /* Products */;
			projectDirPath = "";
			projectRoot = "";
			targets = (
				011BA7AD29E4455E00426C22 /* Generic Network Layer */,
			);
		};
/* End PBXProject section */

/* Begin PBXResourcesBuildPhase section */
		011BA7AC29E4455E00426C22 /* Resources */ = {
			isa = PBXResourcesBuildPhase;
			buildActionMask = 2147483647;
			files = (
				011BA7BE29E4455F00426C22 /* LaunchScreen.storyboard in Resources */,
				011BA7BB29E4455F00426C22 /* Assets.xcassets in Resources */,
			);
			runOnlyForDeploymentPostprocessing = 0;
		};
/* End PBXResourcesBuildPhase section */

/* Begin PBXSourcesBuildPhase section */
		011BA7AA29E4455E00426C22 /* Sources */ = {
			isa = PBXSourcesBuildPhase;
			buildActionMask = 2147483647;
			files = (
				011BA7C829E4480000426C22 /* NetworkManager.swift in Sources */,
				011BA7B629E4455E00426C22 /* ViewController.swift in Sources */,
				011BA7CD29E44C7300426C22 /* User.swift in Sources */,
				0183469A29F99EB00047FECB /* Post.swift in Sources */,
				011BA7CF29E4525700426C22 /* Comment.swift in Sources */,
				011BA7B229E4455E00426C22 /* AppDelegate.swift in Sources */,
				011BA7B429E4455E00426C22 /* SceneDelegate.swift in Sources */,
				011BA7CA29E4484A00426C22 /* Endpoint.swift in Sources */,
			);
			runOnlyForDeploymentPostprocessing = 0;
		};
/* End PBXSourcesBuildPhase section */

/* Begin PBXVariantGroup section */
		011BA7BC29E4455F00426C22 /* LaunchScreen.storyboard */ = {
			isa = PBXVariantGroup;
			children = (
				011BA7BD29E4455F00426C22 /* Base */,
			);
			name = LaunchScreen.storyboard;
			sourceTree = "<group>";
		};
/* End PBXVariantGroup section */

/* Begin XCBuildConfiguration section */
		011BA7C029E4455F00426C22 /* Debug */ = {
			isa = XCBuildConfiguration;
			buildSettings = {
				ALWAYS_SEARCH_USER_PATHS = NO;
				CLANG_ANALYZER_NONNULL = YES;
				CLANG_ANALYZER_NUMBER_OBJECT_CONVERSION = YES_AGGRESSIVE;
				CLANG_CXX_LANGUAGE_STANDARD = "gnu++20";
				CLANG_ENABLE_MODULES = YES;
				CLANG_ENABLE_OBJC_ARC = YES;
				CLANG_ENABLE_OBJC_WEAK = YES;
				CLANG_WARN_BLOCK_CAPTURE_AUTORELEASING = YES;
				CLANG_WARN_BOOL_CONVERSION = YES;
				CLANG_WARN_COMMA = YES;
				CLANG_WARN_CONSTANT_CONVERSION = YES;
				CLANG_WARN_DEPRECATED_OBJC_IMPLEMENTATIONS = YES;
				CLANG_WARN_DIRECT_OBJC_ISA_USAGE = YES_ERROR;
				CLANG_WARN_DOCUMENTATION_COMMENTS = YES;
				CLANG_WARN_EMPTY_BODY = YES;
				CLANG_WARN_ENUM_CONVERSION = YES;
				CLANG_WARN_INFINITE_RECURSION = YES;
				CLANG_WARN_INT_CONVERSION = YES;
				CLANG_WARN_NON_LITERAL_NULL_CONVERSION = YES;
				CLANG_WARN_OBJC_IMPLICIT_RETAIN_SELF = YES;
				CLANG_WARN_OBJC_LITERAL_CONVERSION = YES;
				CLANG_WARN_OBJC_ROOT_CLASS = YES_ERROR;
				CLANG_WARN_QUOTED_INCLUDE_IN_FRAMEWORK_HEADER = YES;
				CLANG_WARN_RANGE_LOOP_ANALYSIS = YES;
				CLANG_WARN_STRICT_PROTOTYPES = YES;
				CLANG_WARN_SUSPICIOUS_MOVE = YES;
				CLANG_WARN_UNGUARDED_AVAILABILITY = YES_AGGRESSIVE;
				CLANG_WARN_UNREACHABLE_CODE = YES;
				CLANG_WARN__DUPLICATE_METHOD_MATCH = YES;
				COPY_PHASE_STRIP = NO;
				DEBUG_INFORMATION_FORMAT = dwarf;
				ENABLE_STRICT_OBJC_MSGSEND = YES;
				ENABLE_TESTABILITY = YES;
				GCC_C_LANGUAGE_STANDARD = gnu11;
				GCC_DYNAMIC_NO_PIC = NO;
				GCC_NO_COMMON_BLOCKS = YES;
				GCC_OPTIMIZATION_LEVEL = 0;
				GCC_PREPROCESSOR_DEFINITIONS = (
					"DEBUG=1",
					"$(inherited)",
				);
				GCC_WARN_64_TO_32_BIT_CONVERSION = YES;
				GCC_WARN_ABOUT_RETURN_TYPE = YES_ERROR;
				GCC_WARN_UNDECLARED_SELECTOR = YES;
				GCC_WARN_UNINITIALIZED_AUTOS = YES_AGGRESSIVE;
				GCC_WARN_UNUSED_FUNCTION = YES;
				GCC_WARN_UNUSED_VARIABLE = YES;
				IPHONEOS_DEPLOYMENT_TARGET = 16.2;
				MTL_ENABLE_DEBUG_INFO = INCLUDE_SOURCE;
				MTL_FAST_MATH = YES;
				ONLY_ACTIVE_ARCH = YES;
				SDKROOT = iphoneos;
				SWIFT_ACTIVE_COMPILATION_CONDITIONS = DEBUG;
				SWIFT_OPTIMIZATION_LEVEL = "-Onone";
			};
			name = Debug;
		};
		011BA7C129E4455F00426C22 /* Release */ = {
			isa = XCBuildConfiguration;
			buildSettings = {
				ALWAYS_SEARCH_USER_PATHS = NO;
				CLANG_ANALYZER_NONNULL = YES;
				CLANG_ANALYZER_NUMBER_OBJECT_CONVERSION = YES_AGGRESSIVE;
				CLANG_CXX_LANGUAGE_STANDARD = "gnu++20";
				CLANG_ENABLE_MODULES = YES;
				CLANG_ENABLE_OBJC_ARC = YES;
				CLANG_ENABLE_OBJC_WEAK = YES;
				CLANG_WARN_BLOCK_CAPTURE_AUTORELEASING = YES;
				CLANG_WARN_BOOL_CONVERSION = YES;
				CLANG_WARN_COMMA = YES;
				CLANG_WARN_CONSTANT_CONVERSION = YES;
				CLANG_WARN_DEPRECATED_OBJC_IMPLEMENTATIONS = YES;
				CLANG_WARN_DIRECT_OBJC_ISA_USAGE = YES_ERROR;
				CLANG_WARN_DOCUMENTATION_COMMENTS = YES;
				CLANG_WARN_EMPTY_BODY = YES;
				CLANG_WARN_ENUM_CONVERSION = YES;
				CLANG_WARN_INFINITE_RECURSION = YES;
				CLANG_WARN_INT_CONVERSION = YES;
				CLANG_WARN_NON_LITERAL_NULL_CONVERSION = YES;
				CLANG_WARN_OBJC_IMPLICIT_RETAIN_SELF = YES;
				CLANG_WARN_OBJC_LITERAL_CONVERSION = YES;
				CLANG_WARN_OBJC_ROOT_CLASS = YES_ERROR;
				CLANG_WARN_QUOTED_INCLUDE_IN_FRAMEWORK_HEADER = YES;
				CLANG_WARN_RANGE_LOOP_ANALYSIS = YES;
				CLANG_WARN_STRICT_PROTOTYPES = YES;
				CLANG_WARN_SUSPICIOUS_MOVE = YES;
				CLANG_WARN_UNGUARDED_AVAILABILITY = YES_AGGRESSIVE;
				CLANG_WARN_UNREACHABLE_CODE = YES;
				CLANG_WARN__DUPLICATE_METHOD_MATCH = YES;
				COPY_PHASE_STRIP = NO;
				DEBUG_INFORMATION_FORMAT = "dwarf-with-dsym";
				ENABLE_NS_ASSERTIONS = NO;
				ENABLE_STRICT_OBJC_MSGSEND = YES;
				GCC_C_LANGUAGE_STANDARD = gnu11;
				GCC_NO_COMMON_BLOCKS = YES;
				GCC_WARN_64_TO_32_BIT_CONVERSION = YES;
				GCC_WARN_ABOUT_RETURN_TYPE = YES_ERROR;
				GCC_WARN_UNDECLARED_SELECTOR = YES;
				GCC_WARN_UNINITIALIZED_AUTOS = YES_AGGRESSIVE;
				GCC_WARN_UNUSED_FUNCTION = YES;
				GCC_WARN_UNUSED_VARIABLE = YES;
				IPHONEOS_DEPLOYMENT_TARGET = 16.2;
				MTL_ENABLE_DEBUG_INFO = NO;
				MTL_FAST_MATH = YES;
				SDKROOT = iphoneos;
				SWIFT_COMPILATION_MODE = wholemodule;
				SWIFT_OPTIMIZATION_LEVEL = "-O";
				VALIDATE_PRODUCT = YES;
			};
			name = Release;
		};
		011BA7C329E4455F00426C22 /* Debug */ = {
			isa = XCBuildConfiguration;
			buildSettings = {
				ASSETCATALOG_COMPILER_APPICON_NAME = AppIcon;
				ASSETCATALOG_COMPILER_GLOBAL_ACCENT_COLOR_NAME = AccentColor;
				CODE_SIGN_STYLE = Automatic;
				CURRENT_PROJECT_VERSION = 1;
				DEVELOPMENT_TEAM = XSY7H53P5K;
				GENERATE_INFOPLIST_FILE = YES;
				INFOPLIST_FILE = "Generic Network Layer/Info.plist";
				INFOPLIST_KEY_UIApplicationSupportsIndirectInputEvents = YES;
				INFOPLIST_KEY_UILaunchStoryboardName = LaunchScreen;
				INFOPLIST_KEY_UIMainStoryboardFile = "";
				INFOPLIST_KEY_UISupportedInterfaceOrientations_iPad = "UIInterfaceOrientationPortrait UIInterfaceOrientationPortraitUpsideDown UIInterfaceOrientationLandscapeLeft UIInterfaceOrientationLandscapeRight";
				INFOPLIST_KEY_UISupportedInterfaceOrientations_iPhone = "UIInterfaceOrientationPortrait UIInterfaceOrientationLandscapeLeft UIInterfaceOrientationLandscapeRight";
				LD_RUNPATH_SEARCH_PATHS = (
					"$(inherited)",
					"@executable_path/Frameworks",
				);
				MARKETING_VERSION = 1.0;
				PRODUCT_BUNDLE_IDENTIFIER = "CanerCagri.Generic-Network-Layer";
				PRODUCT_NAME = "$(TARGET_NAME)";
				SWIFT_EMIT_LOC_STRINGS = YES;
				SWIFT_VERSION = 5.0;
				TARGETED_DEVICE_FAMILY = "1,2";
			};
			name = Debug;
		};
		011BA7C429E4455F00426C22 /* Release */ = {
			isa = XCBuildConfiguration;
			buildSettings = {
				ASSETCATALOG_COMPILER_APPICON_NAME = AppIcon;
				ASSETCATALOG_COMPILER_GLOBAL_ACCENT_COLOR_NAME = AccentColor;
				CODE_SIGN_STYLE = Automatic;
				CURRENT_PROJECT_VERSION = 1;
				DEVELOPMENT_TEAM = XSY7H53P5K;
				GENERATE_INFOPLIST_FILE = YES;
				INFOPLIST_FILE = "Generic Network Layer/Info.plist";
				INFOPLIST_KEY_UIApplicationSupportsIndirectInputEvents = YES;
				INFOPLIST_KEY_UILaunchStoryboardName = LaunchScreen;
				INFOPLIST_KEY_UIMainStoryboardFile = "";
				INFOPLIST_KEY_UISupportedInterfaceOrientations_iPad = "UIInterfaceOrientationPortrait UIInterfaceOrientationPortraitUpsideDown UIInterfaceOrientationLandscapeLeft UIInterfaceOrientationLandscapeRight";
				INFOPLIST_KEY_UISupportedInterfaceOrientations_iPhone = "UIInterfaceOrientationPortrait UIInterfaceOrientationLandscapeLeft UIInterfaceOrientationLandscapeRight";
				LD_RUNPATH_SEARCH_PATHS = (
					"$(inherited)",
					"@executable_path/Frameworks",
				);
				MARKETING_VERSION = 1.0;
				PRODUCT_BUNDLE_IDENTIFIER = "CanerCagri.Generic-Network-Layer";
				PRODUCT_NAME = "$(TARGET_NAME)";
				SWIFT_EMIT_LOC_STRINGS = YES;
				SWIFT_VERSION = 5.0;
				TARGETED_DEVICE_FAMILY = "1,2";
			};
			name = Release;
		};
/* End XCBuildConfiguration section */

/* Begin XCConfigurationList section */
		011BA7A929E4455E00426C22 /* Build configuration list for PBXProject "Generic Network Layer" */ = {
			isa = XCConfigurationList;
			buildConfigurations = (
				011BA7C029E4455F00426C22 /* Debug */,
				011BA7C129E4455F00426C22 /* Release */,
			);
			defaultConfigurationIsVisible = 0;
			defaultConfigurationName = Release;
		};
		011BA7C229E4455F00426C22 /* Build configuration list for PBXNativeTarget "Generic Network Layer" */ = {
			isa = XCConfigurationList;
			buildConfigurations = (
				011BA7C329E4455F00426C22 /* Debug */,
				011BA7C429E4455F00426C22 /* Release */,
			);
			defaultConfigurationIsVisible = 0;
			defaultConfigurationName = Release;
		};
/* End XCConfigurationList section */
	};
	rootObject = 011BA7A629E4455E00426C22 /* Project object */;
}
